# THIS IS AN AUTOGENERATED FILE. DO NOT EDIT THIS FILE DIRECTLY.
# yarn lockfile v1


"@konfy/vue-button-alt@latest":
  version "1.0.2"
  resolved "https://registry.yarnpkg.com/@konfy/vue-button-alt/-/vue-button-alt-1.0.2.tgz#2e85e5298528153153edbe45fa2b4ee8fffd3743"

"@konfy/vue-button-group@latest":
  version "1.0.1"
  resolved "https://registry.yarnpkg.com/@konfy/vue-button-group/-/vue-button-group-1.0.1.tgz#0788242ac66ef007fcbd8e1aa9a1554d21e655b9"

"@konfy/vue-button@latest":
  version "1.0.5"
  resolved "https://registry.yarnpkg.com/@konfy/vue-button/-/vue-button-1.0.5.tgz#373d2dc7ce66cc13674123d0149feb6636d271f1"

"@konfy/vue-file-tray@latest":
  version "1.0.1"
  resolved "https://registry.yarnpkg.com/@konfy/vue-file-tray/-/vue-file-tray-1.0.1.tgz#ed763260ef7dad20b0616127780e80e33f3a15a7"

"@konfy/vue-google-map@latest":
  version "0.2.1"
  resolved "https://registry.yarnpkg.com/@konfy/vue-google-map/-/vue-google-map-0.2.1.tgz#de5a73841550971235259f34acd96bce8003a06f"

"@konfy/vue-google-places@latest":
  version "0.0.2"
  resolved "https://registry.yarnpkg.com/@konfy/vue-google-places/-/vue-google-places-0.0.2.tgz#1ed0697988a725981fed6763093cc26bd20c78b3"

"@konfy/vue-input-date@latest":
  version "2.0.3"
  resolved "https://registry.yarnpkg.com/@konfy/vue-input-date/-/vue-input-date-2.0.3.tgz#28f9b8932c6f6146e9b202f84a1ad82d8357c2a9"

"@konfy/vue-input@latest":
  version "1.0.1"
  resolved "https://registry.yarnpkg.com/@konfy/vue-input/-/vue-input-1.0.1.tgz#d264b98b89849ddc523a0edf7f77e53b5ba879f0"

"@konfy/vue-meter@latest":
  version "1.0.1"
  resolved "https://registry.yarnpkg.com/@konfy/vue-meter/-/vue-meter-1.0.1.tgz#36d1df5beff75da2f195dcaf4b5aad671bd578f4"

"@konfy/vue-select@latest":
  version "1.0.1"
  resolved "https://registry.yarnpkg.com/@konfy/vue-select/-/vue-select-1.0.1.tgz#26516f62a50020cee3c855fcfbb34aeee58c2cb5"

"@konfy/vue-switch@latest":
  version "1.0.1"
  resolved "https://registry.yarnpkg.com/@konfy/vue-switch/-/vue-switch-1.0.1.tgz#0e5235059dd3c6831dbd21f6b089ed9beec3e4ee"
